
Microsoft Visual Studio Solution File, Format Version 11.00
# Visual Studio 2010
Project("{FAE04EC0-301F-11D3-BF4B-00C04F79EFBC}") = "Imp", "Imp\Imp.csproj", "{72BB0D03-764D-4799-9380-BBA1A8BE7243}"
EndProject
Project("{FAE04EC0-301F-11D3-BF4B-00C04F79EFBC}") = "Imp_CLI", "Imp_CLI\Imp_CLI.csproj", "{7DFD3549-D86F-4EFD-AEAC-D0821C119085}"
EndProject
Project("{FAE04EC0-301F-11D3-BF4B-00C04F79EFBC}") = "Imp_Test", "Imp_Test\Imp_Test.csproj", "{0F6E1EC8-D551-4AB7-915E-41479E9EDF5E}"
EndProject
Project("{FAE04EC0-301F-11D3-BF4B-00C04F79EFBC}") = "Runic", "..\runic\Runic\Runic.csproj", "{B29C3F78-B6F4-462F-88E6-5965513D345E}"
EndProject
Project("{FAE04EC0-301F-11D3-BF4B-00C04F79EFBC}") = "Kind", "Kind\Kind.csproj", "{777BFC47-2DF6-4E8E-8545-A2DE56A8620D}"
EndProject
Project("{2150E333-8FDC-42A3-9474-1A3956D46DE8}") = "test", "test", "{05657EFF-2C18-460E-82CE-37D56A186229}"
EndProject
Project("{2150E333-8FDC-42A3-9474-1A3956D46DE8}") = "main", "main", "{1C034FA1-7DA8-4509-B203-95F4ECBC6941}"
EndProject
Project("{FAE04EC0-301F-11D3-BF4B-00C04F79EFBC}") = "Library", "Library\Library.csproj", "{C92D913D-6BDD-48B0-AA4D-17B93510414D}"
EndProject
Project("{F2A71F9B-5D33-465A-A702-920D77279786}") = "Summoning", "Summoning\Summoning.fsproj", "{C2A7C031-57E6-4A9B-A335-D803BFB10D42}"
EndProject
Global
	GlobalSection(SolutionConfigurationPlatforms) = preSolution
		Debug|Any CPU = Debug|Any CPU
		Debug|Mixed Platforms = Debug|Mixed Platforms
		Debug|x86 = Debug|x86
		Release|Any CPU = Release|Any CPU
		Release|Mixed Platforms = Release|Mixed Platforms
		Release|x86 = Release|x86
	EndGlobalSection
	GlobalSection(ProjectConfigurationPlatforms) = postSolution
		{72BB0D03-764D-4799-9380-BBA1A8BE7243}.Debug|Any CPU.ActiveCfg = Debug|Any CPU
		{72BB0D03-764D-4799-9380-BBA1A8BE7243}.Debug|Any CPU.Build.0 = Debug|Any CPU
		{72BB0D03-764D-4799-9380-BBA1A8BE7243}.Debug|Mixed Platforms.ActiveCfg = Debug|Any CPU
		{72BB0D03-764D-4799-9380-BBA1A8BE7243}.Debug|Mixed Platforms.Build.0 = Debug|Any CPU
		{72BB0D03-764D-4799-9380-BBA1A8BE7243}.Debug|x86.ActiveCfg = Debug|Any CPU
		{72BB0D03-764D-4799-9380-BBA1A8BE7243}.Release|Any CPU.ActiveCfg = Release|Any CPU
		{72BB0D03-764D-4799-9380-BBA1A8BE7243}.Release|Any CPU.Build.0 = Release|Any CPU
		{72BB0D03-764D-4799-9380-BBA1A8BE7243}.Release|Mixed Platforms.ActiveCfg = Release|Any CPU
		{72BB0D03-764D-4799-9380-BBA1A8BE7243}.Release|Mixed Platforms.Build.0 = Release|Any CPU
		{72BB0D03-764D-4799-9380-BBA1A8BE7243}.Release|x86.ActiveCfg = Release|Any CPU
		{7DFD3549-D86F-4EFD-AEAC-D0821C119085}.Debug|Any CPU.ActiveCfg = Debug|x86
		{7DFD3549-D86F-4EFD-AEAC-D0821C119085}.Debug|Mixed Platforms.ActiveCfg = Debug|x86
		{7DFD3549-D86F-4EFD-AEAC-D0821C119085}.Debug|Mixed Platforms.Build.0 = Debug|x86
		{7DFD3549-D86F-4EFD-AEAC-D0821C119085}.Debug|x86.ActiveCfg = Debug|x86
		{7DFD3549-D86F-4EFD-AEAC-D0821C119085}.Debug|x86.Build.0 = Debug|x86
		{7DFD3549-D86F-4EFD-AEAC-D0821C119085}.Release|Any CPU.ActiveCfg = Release|x86
		{7DFD3549-D86F-4EFD-AEAC-D0821C119085}.Release|Mixed Platforms.ActiveCfg = Release|x86
		{7DFD3549-D86F-4EFD-AEAC-D0821C119085}.Release|Mixed Platforms.Build.0 = Release|x86
		{7DFD3549-D86F-4EFD-AEAC-D0821C119085}.Release|x86.ActiveCfg = Release|x86
		{7DFD3549-D86F-4EFD-AEAC-D0821C119085}.Release|x86.Build.0 = Release|x86
		{0F6E1EC8-D551-4AB7-915E-41479E9EDF5E}.Debug|Any CPU.ActiveCfg = Debug|Any CPU
		{0F6E1EC8-D551-4AB7-915E-41479E9EDF5E}.Debug|Any CPU.Build.0 = Debug|Any CPU
		{0F6E1EC8-D551-4AB7-915E-41479E9EDF5E}.Debug|Mixed Platforms.ActiveCfg = Debug|Any CPU
		{0F6E1EC8-D551-4AB7-915E-41479E9EDF5E}.Debug|Mixed Platforms.Build.0 = Debug|Any CPU
		{0F6E1EC8-D551-4AB7-915E-41479E9EDF5E}.Debug|x86.ActiveCfg = Debug|Any CPU
		{0F6E1EC8-D551-4AB7-915E-41479E9EDF5E}.Release|Any CPU.ActiveCfg = Release|Any CPU
		{0F6E1EC8-D551-4AB7-915E-41479E9EDF5E}.Release|Any CPU.Build.0 = Release|Any CPU
		{0F6E1EC8-D551-4AB7-915E-41479E9EDF5E}.Release|Mixed Platforms.ActiveCfg = Release|Any CPU
		{0F6E1EC8-D551-4AB7-915E-41479E9EDF5E}.Release|Mixed Platforms.Build.0 = Release|Any CPU
		{0F6E1EC8-D551-4AB7-915E-41479E9EDF5E}.Release|x86.ActiveCfg = Release|Any CPU
		{B29C3F78-B6F4-462F-88E6-5965513D345E}.Debug|Any CPU.ActiveCfg = Debug|Any CPU
		{B29C3F78-B6F4-462F-88E6-5965513D345E}.Debug|Any CPU.Build.0 = Debug|Any CPU
		{B29C3F78-B6F4-462F-88E6-5965513D345E}.Debug|Mixed Platforms.ActiveCfg = Debug|Any CPU
		{B29C3F78-B6F4-462F-88E6-5965513D345E}.Debug|Mixed Platforms.Build.0 = Debug|Any CPU
		{B29C3F78-B6F4-462F-88E6-5965513D345E}.Debug|x86.ActiveCfg = Debug|Any CPU
		{B29C3F78-B6F4-462F-88E6-5965513D345E}.Release|Any CPU.ActiveCfg = Release|Any CPU
		{B29C3F78-B6F4-462F-88E6-5965513D345E}.Release|Any CPU.Build.0 = Release|Any CPU
		{B29C3F78-B6F4-462F-88E6-5965513D345E}.Release|Mixed Platforms.ActiveCfg = Release|Any CPU
		{B29C3F78-B6F4-462F-88E6-5965513D345E}.Release|Mixed Platforms.Build.0 = Release|Any CPU
		{B29C3F78-B6F4-462F-88E6-5965513D345E}.Release|x86.ActiveCfg = Release|Any CPU
		{777BFC47-2DF6-4E8E-8545-A2DE56A8620D}.Debug|Any CPU.ActiveCfg = Debug|Any CPU
		{777BFC47-2DF6-4E8E-8545-A2DE56A8620D}.Debug|Any CPU.Build.0 = Debug|Any CPU
		{777BFC47-2DF6-4E8E-8545-A2DE56A8620D}.Debug|Mixed Platforms.ActiveCfg = Debug|Any CPU
		{777BFC47-2DF6-4E8E-8545-A2DE56A8620D}.Debug|Mixed Platforms.Build.0 = Debug|Any CPU
		{777BFC47-2DF6-4E8E-8545-A2DE56A8620D}.Debug|x86.ActiveCfg = Debug|Any CPU
		{777BFC47-2DF6-4E8E-8545-A2DE56A8620D}.Release|Any CPU.ActiveCfg = Release|Any CPU
		{777BFC47-2DF6-4E8E-8545-A2DE56A8620D}.Release|Any CPU.Build.0 = Release|Any CPU
		{777BFC47-2DF6-4E8E-8545-A2DE56A8620D}.Release|Mixed Platforms.ActiveCfg = Release|Any CPU
		{777BFC47-2DF6-4E8E-8545-A2DE56A8620D}.Release|Mixed Platforms.Build.0 = Release|Any CPU
		{777BFC47-2DF6-4E8E-8545-A2DE56A8620D}.Release|x86.ActiveCfg = Release|Any CPU
		{C92D913D-6BDD-48B0-AA4D-17B93510414D}.Debug|Any CPU.ActiveCfg = Debug|Any CPU
		{C92D913D-6BDD-48B0-AA4D-17B93510414D}.Debug|Any CPU.Build.0 = Debug|Any CPU
		{C92D913D-6BDD-48B0-AA4D-17B93510414D}.Debug|Mixed Platforms.ActiveCfg = Debug|Any CPU
		{C92D913D-6BDD-48B0-AA4D-17B93510414D}.Debug|Mixed Platforms.Build.0 = Debug|Any CPU
		{C92D913D-6BDD-48B0-AA4D-17B93510414D}.Debug|x86.ActiveCfg = Debug|Any CPU
		{C92D913D-6BDD-48B0-AA4D-17B93510414D}.Release|Any CPU.ActiveCfg = Release|Any CPU
		{C92D913D-6BDD-48B0-AA4D-17B93510414D}.Release|Any CPU.Build.0 = Release|Any CPU
		{C92D913D-6BDD-48B0-AA4D-17B93510414D}.Release|Mixed Platforms.ActiveCfg = Release|Any CPU
		{C92D913D-6BDD-48B0-AA4D-17B93510414D}.Release|Mixed Platforms.Build.0 = Release|Any CPU
		{C92D913D-6BDD-48B0-AA4D-17B93510414D}.Release|x86.ActiveCfg = Release|Any CPU
		{C2A7C031-57E6-4A9B-A335-D803BFB10D42}.Debug|Any CPU.ActiveCfg = Debug|Any CPU
		{C2A7C031-57E6-4A9B-A335-D803BFB10D42}.Debug|Any CPU.Build.0 = Debug|Any CPU
		{C2A7C031-57E6-4A9B-A335-D803BFB10D42}.Debug|Mixed Platforms.ActiveCfg = Debug|Any CPU
		{C2A7C031-57E6-4A9B-A335-D803BFB10D42}.Debug|Mixed Platforms.Build.0 = Debug|Any CPU
		{C2A7C031-57E6-4A9B-A335-D803BFB10D42}.Debug|x86.ActiveCfg = Debug|Any CPU
		{C2A7C031-57E6-4A9B-A335-D803BFB10D42}.Release|Any CPU.ActiveCfg = Release|Any CPU
		{C2A7C031-57E6-4A9B-A335-D803BFB10D42}.Release|Any CPU.Build.0 = Release|Any CPU
		{C2A7C031-57E6-4A9B-A335-D803BFB10D42}.Release|Mixed Platforms.ActiveCfg = Release|Any CPU
		{C2A7C031-57E6-4A9B-A335-D803BFB10D42}.Release|Mixed Platforms.Build.0 = Release|Any CPU
		{C2A7C031-57E6-4A9B-A335-D803BFB10D42}.Release|x86.ActiveCfg = Release|Any CPU
	EndGlobalSection
	GlobalSection(SolutionProperties) = preSolution
		HideSolutionNode = FALSE
	EndGlobalSection
	GlobalSection(NestedProjects) = preSolution
		{7DFD3549-D86F-4EFD-AEAC-D0821C119085} = {1C034FA1-7DA8-4509-B203-95F4ECBC6941}
		{B29C3F78-B6F4-462F-88E6-5965513D345E} = {1C034FA1-7DA8-4509-B203-95F4ECBC6941}
		{777BFC47-2DF6-4E8E-8545-A2DE56A8620D} = {1C034FA1-7DA8-4509-B203-95F4ECBC6941}
		{72BB0D03-764D-4799-9380-BBA1A8BE7243} = {1C034FA1-7DA8-4509-B203-95F4ECBC6941}
		{C92D913D-6BDD-48B0-AA4D-17B93510414D} = {1C034FA1-7DA8-4509-B203-95F4ECBC6941}
		{C2A7C031-57E6-4A9B-A335-D803BFB10D42} = {1C034FA1-7DA8-4509-B203-95F4ECBC6941}
		{0F6E1EC8-D551-4AB7-915E-41479E9EDF5E} = {05657EFF-2C18-460E-82CE-37D56A186229}
	EndGlobalSection
EndGlobal
